PODS:
  - Flutter (1.0.0)
  - support_zendesk_ios (0.0.1):
    - Flutter
    - ZendeskChatSDK
  - ZendeskChatProvidersSDK (2.12.0)
  - ZendeskChatSDK (2.12.0):
    - ZendeskChatProvidersSDK (= 2.12.0)
    - ZendeskMessagingSDK (= 3.8.5)
  - ZendeskCommonUISDK (6.1.4)
  - ZendeskMessagingAPISDK (3.8.5):
    - ZendeskSDKConfigurationsSDK (= 1.1.11)
  - ZendeskMessagingSDK (3.8.5):
    - ZendeskCommonUISDK (= 6.1.4)
    - ZendeskMessagingAPISDK (= 3.8.5)
  - ZendeskSDKConfigurationsSDK (1.1.11)

DEPENDENCIES:
  - Flutter (from `Flutter`)
  - support_zendesk_ios (from `.symlinks/plugins/support_zendesk_ios/ios`)

SPEC REPOS:
  trunk:
    - ZendeskChatProvidersSDK
    - ZendeskChatSDK
    - ZendeskCommonUISDK
    - ZendeskMessagingAPISDK
    - ZendeskMessagingSDK
    - ZendeskSDKConfigurationsSDK

EXTERNAL SOURCES:
  Flutter:
    :path: Flutter
  support_zendesk_ios:
    :path: ".symlinks/plugins/support_zendesk_ios/ios"

SPEC CHECKSUMS:
  Flutter: f04841e97a9d0b0a8025694d0796dd46242b2854
  support_zendesk_ios: 675a0fb80949584fb525b32327e7b43b88b0f81c
  ZendeskChatProvidersSDK: b3f5a914ed9d518770c994f0f04683952087b00a
  ZendeskChatSDK: 12fbe34d67b73895882786736329236e7e092b67
  ZendeskCommonUISDK: ba160fe413b491af9e7bfcb9808afcd494dc83a5
  ZendeskMessagingAPISDK: 410f9bcf07c79fe98d6f251da102368d6b356c54
  ZendeskMessagingSDK: 95d396c981dacfab83cc7b9736e8561d51a3052b
  ZendeskSDKConfigurationsSDK: ebced171fd1f4eb57760e8537d8cfa6a450122be

PODFILE CHECKSUM: 76aaac2b301aa40241aa71d54b58fe3a3c060f7b

COCOAPODS: 1.12.1
